// !$*UTF8*$!
{
	archiveVersion = 1;
	classes = {
	};
	objectVersion = 46;
	objects = {

/* Begin PBXBuildFile section */
		1ACAEBABC3A05336FFBB8068 /* Pods_Tesoro.framework in Frameworks */ = {isa = PBXBuildFile; fileRef = 94D2B4115B1D83633151B517 /* Pods_Tesoro.framework */; };
		533408831EEB962100DA3EEC /* GoogleService-Info.plist in Resources */ = {isa = PBXBuildFile; fileRef = 533408821EEB962100DA3EEC /* GoogleService-Info.plist */; };
		5343C8841EEB98810086FBA5 /* TSGFirebaseManager.swift in Sources */ = {isa = PBXBuildFile; fileRef = 5343C8831EEB98810086FBA5 /* TSGFirebaseManager.swift */; };
		5346D85C1EEB9F3F00B0049B /* MainViewController.swift in Sources */ = {isa = PBXBuildFile; fileRef = 5346D85B1EEB9F3F00B0049B /* MainViewController.swift */; };
		5346D85E1EEBB83600B0049B /* TSGVApiManager.swift in Sources */ = {isa = PBXBuildFile; fileRef = 5346D85D1EEBB83600B0049B /* TSGVApiManager.swift */; };
		5378415C1EEB918D006864F3 /* TSGTestViewController.swift in Sources */ = {isa = PBXBuildFile; fileRef = 5378415B1EEB918D006864F3 /* TSGTestViewController.swift */; };
		538195DB1EEB870D001A5653 /* AppDelegate.swift in Sources */ = {isa = PBXBuildFile; fileRef = 538195DA1EEB870D001A5653 /* AppDelegate.swift */; };
		538195E01EEB870D001A5653 /* Main.storyboard in Resources */ = {isa = PBXBuildFile; fileRef = 538195DE1EEB870D001A5653 /* Main.storyboard */; };
		538195E21EEB870D001A5653 /* Assets.xcassets in Resources */ = {isa = PBXBuildFile; fileRef = 538195E11EEB870D001A5653 /* Assets.xcassets */; };
		538195E51EEB870D001A5653 /* LaunchScreen.storyboard in Resources */ = {isa = PBXBuildFile; fileRef = 538195E31EEB870D001A5653 /* LaunchScreen.storyboard */; };
		53F98BDE1EEBDF7A00C5EB9B /* MapViewController.swift in Sources */ = {isa = PBXBuildFile; fileRef = 53F98BDB1EEBDF7A00C5EB9B /* MapViewController.swift */; };
		53F98BDF1EEBDF7A00C5EB9B /* PuzzleViewController.swift in Sources */ = {isa = PBXBuildFile; fileRef = 53F98BDC1EEBDF7A00C5EB9B /* PuzzleViewController.swift */; };
		53F98BE01EEBDF7A00C5EB9B /* WelcomeViewController.swift in Sources */ = {isa = PBXBuildFile; fileRef = 53F98BDD1EEBDF7A00C5EB9B /* WelcomeViewController.swift */; };
		53F98BE21EEBE02000C5EB9B /* UIImageView+Extensions.swift in Sources */ = {isa = PBXBuildFile; fileRef = 53F98BE11EEBE02000C5EB9B /* UIImageView+Extensions.swift */; };
		F488C1A61EECE5B900386D54 /* UILabel+Extensions.swift in Sources */ = {isa = PBXBuildFile; fileRef = F488C1A51EECE5B900386D54 /* UILabel+Extensions.swift */; };
/* End PBXBuildFile section */

/* Begin PBXFileReference section */
		533408821EEB962100DA3EEC /* GoogleService-Info.plist */ = {isa = PBXFileReference; fileEncoding = 4; lastKnownFileType = text.plist.xml; path = "GoogleService-Info.plist"; sourceTree = "<group>"; };
		5343C8831EEB98810086FBA5 /* TSGFirebaseManager.swift */ = {isa = PBXFileReference; fileEncoding = 4; lastKnownFileType = sourcecode.swift; path = TSGFirebaseManager.swift; sourceTree = "<group>"; };
		5346D85B1EEB9F3F00B0049B /* MainViewController.swift */ = {isa = PBXFileReference; fileEncoding = 4; lastKnownFileType = sourcecode.swift; path = MainViewController.swift; sourceTree = "<group>"; };
		5346D85D1EEBB83600B0049B /* TSGVApiManager.swift */ = {isa = PBXFileReference; fileEncoding = 4; lastKnownFileType = sourcecode.swift; path = TSGVApiManager.swift; sourceTree = "<group>"; };
		5378415B1EEB918D006864F3 /* TSGTestViewController.swift */ = {isa = PBXFileReference; fileEncoding = 4; lastKnownFileType = sourcecode.swift; path = TSGTestViewController.swift; sourceTree = "<group>"; };
		538195D71EEB870D001A5653 /* Tesoro.app */ = {isa = PBXFileReference; explicitFileType = wrapper.application; includeInIndex = 0; path = Tesoro.app; sourceTree = BUILT_PRODUCTS_DIR; };
		538195DA1EEB870D001A5653 /* AppDelegate.swift */ = {isa = PBXFileReference; lastKnownFileType = sourcecode.swift; path = AppDelegate.swift; sourceTree = "<group>"; };
		538195DF1EEB870D001A5653 /* Base */ = {isa = PBXFileReference; lastKnownFileType = file.storyboard; name = Base; path = Base.lproj/Main.storyboard; sourceTree = "<group>"; };
		538195E11EEB870D001A5653 /* Assets.xcassets */ = {isa = PBXFileReference; lastKnownFileType = folder.assetcatalog; path = Assets.xcassets; sourceTree = "<group>"; };
		538195E41EEB870D001A5653 /* Base */ = {isa = PBXFileReference; lastKnownFileType = file.storyboard; name = Base; path = Base.lproj/LaunchScreen.storyboard; sourceTree = "<group>"; };
		538195E61EEB870D001A5653 /* Info.plist */ = {isa = PBXFileReference; lastKnownFileType = text.plist.xml; path = Info.plist; sourceTree = "<group>"; };
		53F98BDB1EEBDF7A00C5EB9B /* MapViewController.swift */ = {isa = PBXFileReference; fileEncoding = 4; lastKnownFileType = sourcecode.swift; path = MapViewController.swift; sourceTree = "<group>"; };
		53F98BDC1EEBDF7A00C5EB9B /* PuzzleViewController.swift */ = {isa = PBXFileReference; fileEncoding = 4; lastKnownFileType = sourcecode.swift; path = PuzzleViewController.swift; sourceTree = "<group>"; };
		53F98BDD1EEBDF7A00C5EB9B /* WelcomeViewController.swift */ = {isa = PBXFileReference; fileEncoding = 4; lastKnownFileType = sourcecode.swift; path = WelcomeViewController.swift; sourceTree = "<group>"; };
		53F98BE11EEBE02000C5EB9B /* UIImageView+Extensions.swift */ = {isa = PBXFileReference; fileEncoding = 4; lastKnownFileType = sourcecode.swift; path = "UIImageView+Extensions.swift"; sourceTree = "<group>"; };
		6F50C88AA82F401E1E73F9D2 /* Pods-Tesoro.debug.xcconfig */ = {isa = PBXFileReference; includeInIndex = 1; lastKnownFileType = text.xcconfig; name = "Pods-Tesoro.debug.xcconfig"; path = "Pods/Target Support Files/Pods-Tesoro/Pods-Tesoro.debug.xcconfig"; sourceTree = "<group>"; };
		94D2B4115B1D83633151B517 /* Pods_Tesoro.framework */ = {isa = PBXFileReference; explicitFileType = wrapper.framework; includeInIndex = 0; path = Pods_Tesoro.framework; sourceTree = BUILT_PRODUCTS_DIR; };
		E44F235DF31FC5C55BFC3EC3 /* Pods-Tesoro.release.xcconfig */ = {isa = PBXFileReference; includeInIndex = 1; lastKnownFileType = text.xcconfig; name = "Pods-Tesoro.release.xcconfig"; path = "Pods/Target Support Files/Pods-Tesoro/Pods-Tesoro.release.xcconfig"; sourceTree = "<group>"; };
		F488C1A51EECE5B900386D54 /* UILabel+Extensions.swift */ = {isa = PBXFileReference; fileEncoding = 4; lastKnownFileType = sourcecode.swift; path = "UILabel+Extensions.swift"; sourceTree = "<group>"; };
/* End PBXFileReference section */

/* Begin PBXFrameworksBuildPhase section */
		538195D41EEB870D001A5653 /* Frameworks */ = {
			isa = PBXFrameworksBuildPhase;
			buildActionMask = 2147483647;
			files = (
				1ACAEBABC3A05336FFBB8068 /* Pods_Tesoro.framework in Frameworks */,
			);
			runOnlyForDeploymentPostprocessing = 0;
		};
/* End PBXFrameworksBuildPhase section */

/* Begin PBXGroup section */
		181EF9273672490FDE5E8E10 /* Frameworks */ = {
			isa = PBXGroup;
			children = (
				94D2B4115B1D83633151B517 /* Pods_Tesoro.framework */,
			);
			name = Frameworks;
			sourceTree = "<group>";
		};
		538195CE1EEB870D001A5653 = {
			isa = PBXGroup;
			children = (
				538195D91EEB870D001A5653 /* Tesoro */,
				538195D81EEB870D001A5653 /* Products */,
				E35D15DEB79EB60756AEBB67 /* Pods */,
				181EF9273672490FDE5E8E10 /* Frameworks */,
			);
			sourceTree = "<group>";
		};
		538195D81EEB870D001A5653 /* Products */ = {
			isa = PBXGroup;
			children = (
				538195D71EEB870D001A5653 /* Tesoro.app */,
			);
			name = Products;
			sourceTree = "<group>";
		};
		538195D91EEB870D001A5653 /* Tesoro */ = {
			isa = PBXGroup;
			children = (
				538195DA1EEB870D001A5653 /* AppDelegate.swift */,
				5378415B1EEB918D006864F3 /* TSGTestViewController.swift */,
				5346D85D1EEBB83600B0049B /* TSGVApiManager.swift */,
				5343C8831EEB98810086FBA5 /* TSGFirebaseManager.swift */,
				5346D85B1EEB9F3F00B0049B /* MainViewController.swift */,
				53F98BDB1EEBDF7A00C5EB9B /* MapViewController.swift */,
				53F98BDC1EEBDF7A00C5EB9B /* PuzzleViewController.swift */,
				53F98BDD1EEBDF7A00C5EB9B /* WelcomeViewController.swift */,
				53F98BE11EEBE02000C5EB9B /* UIImageView+Extensions.swift */,
				F488C1A51EECE5B900386D54 /* UILabel+Extensions.swift */,
				538195DE1EEB870D001A5653 /* Main.storyboard */,
				538195E11EEB870D001A5653 /* Assets.xcassets */,
				538195E31EEB870D001A5653 /* LaunchScreen.storyboard */,
				538195E61EEB870D001A5653 /* Info.plist */,
				533408821EEB962100DA3EEC /* GoogleService-Info.plist */,
			);
			path = Tesoro;
			sourceTree = "<group>";
		};
		E35D15DEB79EB60756AEBB67 /* Pods */ = {
			isa = PBXGroup;
			children = (
				6F50C88AA82F401E1E73F9D2 /* Pods-Tesoro.debug.xcconfig */,
				E44F235DF31FC5C55BFC3EC3 /* Pods-Tesoro.release.xcconfig */,
			);
			name = Pods;
			sourceTree = "<group>";
		};
/* End PBXGroup section */

/* Begin PBXNativeTarget section */
		538195D61EEB870D001A5653 /* Tesoro */ = {
			isa = PBXNativeTarget;
			buildConfigurationList = 538195E91EEB870D001A5653 /* Build configuration list for PBXNativeTarget "Tesoro" */;
			buildPhases = (
				39CF6EFF1DCD966D45721030 /* [CP] Check Pods Manifest.lock */,
				538195D31EEB870D001A5653 /* Sources */,
				538195D41EEB870D001A5653 /* Frameworks */,
				538195D51EEB870D001A5653 /* Resources */,
				0821A15A8E74CC1C84B1B176 /* [CP] Embed Pods Frameworks */,
				BAC9C36BB655F44D391BDA1D /* [CP] Copy Pods Resources */,
			);
			buildRules = (
			);
			dependencies = (
			);
			name = Tesoro;
			productName = Tesoro;
			productReference = 538195D71EEB870D001A5653 /* Tesoro.app */;
			productType = "com.apple.product-type.application";
		};
/* End PBXNativeTarget section */

/* Begin PBXProject section */
		538195CF1EEB870D001A5653 /* Project object */ = {
			isa = PBXProject;
			attributes = {
				LastSwiftUpdateCheck = 0830;
				LastUpgradeCheck = 0830;
				ORGANIZATIONNAME = Cu;
				TargetAttributes = {
					538195D61EEB870D001A5653 = {
						CreatedOnToolsVersion = 8.3.2;
						DevelopmentTeam = RG55XLA874;
						ProvisioningStyle = Automatic;
					};
				};
			};
			buildConfigurationList = 538195D21EEB870D001A5653 /* Build configuration list for PBXProject "Tesoro" */;
			compatibilityVersion = "Xcode 3.2";
			developmentRegion = English;
			hasScannedForEncodings = 0;
			knownRegions = (
				en,
				Base,
			);
			mainGroup = 538195CE1EEB870D001A5653;
			productRefGroup = 538195D81EEB870D001A5653 /* Products */;
			projectDirPath = "";
			projectRoot = "";
			targets = (
				538195D61EEB870D001A5653 /* Tesoro */,
			);
		};
/* End PBXProject section */

/* Begin PBXResourcesBuildPhase section */
		538195D51EEB870D001A5653 /* Resources */ = {
			isa = PBXResourcesBuildPhase;
			buildActionMask = 2147483647;
			files = (
				538195E51EEB870D001A5653 /* LaunchScreen.storyboard in Resources */,
				533408831EEB962100DA3EEC /* GoogleService-Info.plist in Resources */,
				538195E21EEB870D001A5653 /* Assets.xcassets in Resources */,
				538195E01EEB870D001A5653 /* Main.storyboard in Resources */,
			);
			runOnlyForDeploymentPostprocessing = 0;
		};
/* End PBXResourcesBuildPhase section */

/* Begin PBXShellScriptBuildPhase section */
		0821A15A8E74CC1C84B1B176 /* [CP] Embed Pods Frameworks */ = {
			isa = PBXShellScriptBuildPhase;
			buildActionMask = 2147483647;
			files = (
			);
			inputPaths = (
			);
			name = "[CP] Embed Pods Frameworks";
			outputPaths = (
			);
			runOnlyForDeploymentPostprocessing = 0;
			shellPath = /bin/sh;
			shellScript = "\"${SRCROOT}/Pods/Target Support Files/Pods-Tesoro/Pods-Tesoro-frameworks.sh\"\n";
			showEnvVarsInLog = 0;
		};
		39CF6EFF1DCD966D45721030 /* [CP] Check Pods Manifest.lock */ = {
			isa = PBXShellScriptBuildPhase;
			buildActionMask = 2147483647;
			files = (
			);
			inputPaths = (
			);
			name = "[CP] Check Pods Manifest.lock";
			outputPaths = (
			);
			runOnlyForDeploymentPostprocessing = 0;
			shellPath = /bin/sh;
			shellScript = "diff \"${PODS_ROOT}/../Podfile.lock\" \"${PODS_ROOT}/Manifest.lock\" > /dev/null\nif [ $? != 0 ] ; then\n    # print error to STDERR\n    echo \"error: The sandbox is not in sync with the Podfile.lock. Run 'pod install' or update your CocoaPods installation.\" >&2\n    exit 1\nfi\n";
			showEnvVarsInLog = 0;
		};
		BAC9C36BB655F44D391BDA1D /* [CP] Copy Pods Resources */ = {
			isa = PBXShellScriptBuildPhase;
			buildActionMask = 2147483647;
			files = (
			);
			inputPaths = (
			);
			name = "[CP] Copy Pods Resources";
			outputPaths = (
			);
			runOnlyForDeploymentPostprocessing = 0;
			shellPath = /bin/sh;
			shellScript = "\"${SRCROOT}/Pods/Target Support Files/Pods-Tesoro/Pods-Tesoro-resources.sh\"\n";
			showEnvVarsInLog = 0;
		};
/* End PBXShellScriptBuildPhase section */

/* Begin PBXSourcesBuildPhase section */
		538195D31EEB870D001A5653 /* Sources */ = {
			isa = PBXSourcesBuildPhase;
			buildActionMask = 2147483647;
			files = (
				538195DB1EEB870D001A5653 /* AppDelegate.swift in Sources */,
				53F98BE01EEBDF7A00C5EB9B /* WelcomeViewController.swift in Sources */,
				53F98BDE1EEBDF7A00C5EB9B /* MapViewController.swift in Sources */,
				53F98BE21EEBE02000C5EB9B /* UIImageView+Extensions.swift in Sources */,
				53F98BDF1EEBDF7A00C5EB9B /* PuzzleViewController.swift in Sources */,
				5378415C1EEB918D006864F3 /* TSGTestViewController.swift in Sources */,
				F488C1A61EECE5B900386D54 /* UILabel+Extensions.swift in Sources */,
				5346D85E1EEBB83600B0049B /* TSGVApiManager.swift in Sources */,
				5343C8841EEB98810086FBA5 /* TSGFirebaseManager.swift in Sources */,
				5346D85C1EEB9F3F00B0049B /* MainViewController.swift in Sources */,
			);
			runOnlyForDeploymentPostprocessing = 0;
		};
/* End PBXSourcesBuildPhase section */

/* Begin PBXVariantGroup section */
		538195DE1EEB870D001A5653 /* Main.storyboard */ = {
			isa = PBXVariantGroup;
			children = (
				538195DF1EEB870D001A5653 /* Base */,
			);
			name = Main.storyboard;
			sourceTree = "<group>";
		};
		538195E31EEB870D001A5653 /* LaunchScreen.storyboard */ = {
			isa = PBXVariantGroup;
			children = (
				538195E41EEB870D001A5653 /* Base */,
			);
			name = LaunchScreen.storyboard;
			sourceTree = "<group>";
		};
/* End PBXVariantGroup section */

/* Begin XCBuildConfiguration section */
		538195E71EEB870D001A5653 /* Debug */ = {
			isa = XCBuildConfiguration;
			buildSettings = {
				ALWAYS_SEARCH_USER_PATHS = NO;
				CLANG_ANALYZER_NONNULL = YES;
				CLANG_ANALYZER_NUMBER_OBJECT_CONVERSION = YES_AGGRESSIVE;
				CLANG_CXX_LANGUAGE_STANDARD = "gnu++0x";
				CLANG_CXX_LIBRARY = "libc++";
				CLANG_ENABLE_MODULES = YES;
				CLANG_ENABLE_OBJC_ARC = YES;
				CLANG_WARN_BOOL_CONVERSION = YES;
				CLANG_WARN_CONSTANT_CONVERSION = YES;
				CLANG_WARN_DIRECT_OBJC_ISA_USAGE = YES_ERROR;
				CLANG_WARN_DOCUMENTATION_COMMENTS = YES;
				CLANG_WARN_EMPTY_BODY = YES;
				CLANG_WARN_ENUM_CONVERSION = YES;
				CLANG_WARN_INFINITE_RECURSION = YES;
				CLANG_WARN_INT_CONVERSION = YES;
				CLANG_WARN_OBJC_ROOT_CLASS = YES_ERROR;
				CLANG_WARN_SUSPICIOUS_MOVE = YES;
				CLANG_WARN_UNREACHABLE_CODE = YES;
				CLANG_WARN__DUPLICATE_METHOD_MATCH = YES;
				"CODE_SIGN_IDENTITY[sdk=iphoneos*]" = "iPhone Developer";
				COPY_PHASE_STRIP = NO;
				DEBUG_INFORMATION_FORMAT = dwarf;
				ENABLE_STRICT_OBJC_MSGSEND = YES;
				ENABLE_TESTABILITY = YES;
				GCC_C_LANGUAGE_STANDARD = gnu99;
				GCC_DYNAMIC_NO_PIC = NO;
				GCC_NO_COMMON_BLOCKS = YES;
				GCC_OPTIMIZATION_LEVEL = 0;
				GCC_PREPROCESSOR_DEFINITIONS = (
					"DEBUG=1",
					"$(inherited)",
				);
				GCC_WARN_64_TO_32_BIT_CONVERSION = YES;
				GCC_WARN_ABOUT_RETURN_TYPE = YES_ERROR;
				GCC_WARN_UNDECLARED_SELECTOR = YES;
				GCC_WARN_UNINITIALIZED_AUTOS = YES_AGGRESSIVE;
				GCC_WARN_UNUSED_FUNCTION = YES;
				GCC_WARN_UNUSED_VARIABLE = YES;
				IPHONEOS_DEPLOYMENT_TARGET = 9.0;
				MTL_ENABLE_DEBUG_INFO = YES;
				ONLY_ACTIVE_ARCH = YES;
				SDKROOT = iphoneos;
				SWIFT_ACTIVE_COMPILATION_CONDITIONS = DEBUG;
				SWIFT_OPTIMIZATION_LEVEL = "-Onone";
				TARGETED_DEVICE_FAMILY = "1,2";
			};
			name = Debug;
		};
		538195E81EEB870D001A5653 /* Release */ = {
			isa = XCBuildConfiguration;
			buildSettings = {
				ALWAYS_SEARCH_USER_PATHS = NO;
				CLANG_ANALYZER_NONNULL = YES;
				CLANG_ANALYZER_NUMBER_OBJECT_CONVERSION = YES_AGGRESSIVE;
				CLANG_CXX_LANGUAGE_STANDARD = "gnu++0x";
				CLANG_CXX_LIBRARY = "libc++";
				CLANG_ENABLE_MODULES = YES;
				CLANG_ENABLE_OBJC_ARC = YES;
				CLANG_WARN_BOOL_CONVERSION = YES;
				CLANG_WARN_CONSTANT_CONVERSION = YES;
				CLANG_WARN_DIRECT_OBJC_ISA_USAGE = YES_ERROR;
				CLANG_WARN_DOCUMENTATION_COMMENTS = YES;
				CLANG_WARN_EMPTY_BODY = YES;
				CLANG_WARN_ENUM_CONVERSION = YES;
				CLANG_WARN_INFINITE_RECURSION = YES;
				CLANG_WARN_INT_CONVERSION = YES;
				CLANG_WARN_OBJC_ROOT_CLASS = YES_ERROR;
				CLANG_WARN_SUSPICIOUS_MOVE = YES;
				CLANG_WARN_UNREACHABLE_CODE = YES;
				CLANG_WARN__DUPLICATE_METHOD_MATCH = YES;
				"CODE_SIGN_IDENTITY[sdk=iphoneos*]" = "iPhone Developer";
				COPY_PHASE_STRIP = NO;
				DEBUG_INFORMATION_FORMAT = "dwarf-with-dsym";
				ENABLE_NS_ASSERTIONS = NO;
				ENABLE_STRICT_OBJC_MSGSEND = YES;
				GCC_C_LANGUAGE_STANDARD = gnu99;
				GCC_NO_COMMON_BLOCKS = YES;
				GCC_WARN_64_TO_32_BIT_CONVERSION = YES;
				GCC_WARN_ABOUT_RETURN_TYPE = YES_ERROR;
				GCC_WARN_UNDECLARED_SELECTOR = YES;
				GCC_WARN_UNINITIALIZED_AUTOS = YES_AGGRESSIVE;
				GCC_WARN_UNUSED_FUNCTION = YES;
				GCC_WARN_UNUSED_VARIABLE = YES;
				IPHONEOS_DEPLOYMENT_TARGET = 9.0;
				MTL_ENABLE_DEBUG_INFO = NO;
				SDKROOT = iphoneos;
				SWIFT_OPTIMIZATION_LEVEL = "-Owholemodule";
				TARGETED_DEVICE_FAMILY = "1,2";
				VALIDATE_PRODUCT = YES;
			};
			name = Release;
		};
		538195EA1EEB870D001A5653 /* Debug */ = {
			isa = XCBuildConfiguration;
			baseConfigurationReference = 6F50C88AA82F401E1E73F9D2 /* Pods-Tesoro.debug.xcconfig */;
			buildSettings = {
				ASSETCATALOG_COMPILER_APPICON_NAME = AppIcon;
				DEVELOPMENT_TEAM = RG55XLA874;
				INFOPLIST_FILE = Tesoro/Info.plist;
				IPHONEOS_DEPLOYMENT_TARGET = 9.0;
				LD_RUNPATH_SEARCH_PATHS = "$(inherited) @executable_path/Frameworks";
				PRODUCT_BUNDLE_IDENTIFIER = appworks.school.tesoro;
				PRODUCT_NAME = "$(TARGET_NAME)";
				SWIFT_VERSION = 3.0;
			};
			name = Debug;
		};
		538195EB1EEB870D001A5653 /* Release */ = {
			isa = XCBuildConfiguration;
			baseConfigurationReference = E44F235DF31FC5C55BFC3EC3 /* Pods-Tesoro.release.xcconfig */;
			buildSettings = {
				ASSETCATALOG_COMPILER_APPICON_NAME = AppIcon;
				DEVELOPMENT_TEAM = RG55XLA874;
				INFOPLIST_FILE = Tesoro/Info.plist;
				IPHONEOS_DEPLOYMENT_TARGET = 9.0;
				LD_RUNPATH_SEARCH_PATHS = "$(inherited) @executable_path/Frameworks";
				PRODUCT_BUNDLE_IDENTIFIER = appworks.school.tesoro;
				PRODUCT_NAME = "$(TARGET_NAME)";
				SWIFT_VERSION = 3.0;
			};
			name = Release;
		};
/* End XCBuildConfiguration section */

/* Begin XCConfigurationList section */
		538195D21EEB870D001A5653 /* Build configuration list for PBXProject "Tesoro" */ = {
			isa = XCConfigurationList;
			buildConfigurations = (
				538195E71EEB870D001A5653 /* Debug */,
				538195E81EEB870D001A5653 /* Release */,
			);
			defaultConfigurationIsVisible = 0;
			defaultConfigurationName = Release;
		};
		538195E91EEB870D001A5653 /* Build configuration list for PBXNativeTarget "Tesoro" */ = {
			isa = XCConfigurationList;
			buildConfigurations = (
				538195EA1EEB870D001A5653 /* Debug */,
				538195EB1EEB870D001A5653 /* Release */,
			);
			defaultConfigurationIsVisible = 0;
			defaultConfigurationName = Release;
		};
/* End XCConfigurationList section */
	};
	rootObject = 538195CF1EEB870D001A5653 /* Project object */;
}
